
Microsoft Visual Studio Solution File, Format Version 12.00
# Visual Studio 15
VisualStudioVersion = 15.0.26730.12
MinimumVisualStudioVersion = 10.0.40219.1
Project("{888888A0-9F3D-457C-B088-3A5042F75D52}") = "BP_ocr", "BP_ocr\BP_ocr.pyproj", "{6BEA3374-22FB-489D-8EB4-4701E6598E60}"
EndProject
Project("{888888A0-9F3D-457C-B088-3A5042F75D52}") = "Matplotlib及Seaborn使用教程", "Matplotlib及Seaborn使用教程\Matplotlib及Seaborn使用教程.pyproj", "{5FA4AB1E-6215-486F-9048-349302B0EC46}"
EndProject
Project("{888888A0-9F3D-457C-B088-3A5042F75D52}") = "高德API_Python解决租房问题", "高德API_Python解决租房问题\高德API_Python解决租房问题.pyproj", "{88CD7314-7876-4BD2-8D6B-EC4C05C0D034}"
EndProject
Project("{888888A0-9F3D-457C-B088-3A5042F75D52}") = "色情图片识别", "色情图片识别\色情图片识别.pyproj", "{B0B28E4D-46A4-47B9-8C97-EA0A80DF9BB6}"
EndProject
Project("{888888A0-9F3D-457C-B088-3A5042F75D52}") = "django", "django\django.pyproj", "{F2CE8505-4AF4-4CE6-A1CD-2CB70375AA00}"
EndProject
Project("{888888A0-9F3D-457C-B088-3A5042F75D52}") = "numpy", "numpy\numpy.pyproj", "{301DE5EF-50EE-4AA3-8186-5FE5A5AC8628}"
EndProject
Project("{888888A0-9F3D-457C-B088-3A5042F75D52}") = "气象数据分析", "气象数据分析\气象数据分析.pyproj", "{01D04F91-0D81-45A1-B9A7-61E521D72273}"
EndProject
Project("{888888A0-9F3D-457C-B088-3A5042F75D52}") = "基于卷积神经网络实现图片风格的迁移", "基于卷积神经网络实现图片风格的迁移\基于卷积神经网络实现图片风格的迁移.pyproj", "{DE3E0575-1FBB-4C29-8F33-D8151FC92F85}"
EndProject
Project("{888888A0-9F3D-457C-B088-3A5042F75D52}") = "获取Linux输入输出", "获取Linux输入输出\获取Linux输入输出.pyproj", "{BE607C93-7549-44E7-9341-BF33FD494E08}"
EndProject
Project("{888888A0-9F3D-457C-B088-3A5042F75D52}") = "Linux词典", "Linux词典\Linux词典.pyproj", "{D0254FB3-FB65-423C-8066-BB41FCD03530}"
EndProject
Project("{888888A0-9F3D-457C-B088-3A5042F75D52}") = "分形", "分形\分形.pyproj", "{E4034200-5FDF-413D-ABE9-024DA1D8746F}"
EndProject
Project("{888888A0-9F3D-457C-B088-3A5042F75D52}") = "聚类图像分割", "聚类图像分割\聚类图像分割.pyproj", "{8458A41A-F57A-44AA-8020-15623E12E4CD}"
EndProject
Project("{888888A0-9F3D-457C-B088-3A5042F75D52}") = "flask sse使用", "flask sse使用\flask sse使用.pyproj", "{72531AB2-DD43-473E-86A4-4E980D9A96C2}"
EndProject
Global
	GlobalSection(SolutionConfigurationPlatforms) = preSolution
		Debug|Any CPU = Debug|Any CPU
		Release|Any CPU = Release|Any CPU
	EndGlobalSection
	GlobalSection(ProjectConfigurationPlatforms) = postSolution
		{6BEA3374-22FB-489D-8EB4-4701E6598E60}.Debug|Any CPU.ActiveCfg = Debug|Any CPU
		{6BEA3374-22FB-489D-8EB4-4701E6598E60}.Release|Any CPU.ActiveCfg = Release|Any CPU
		{5FA4AB1E-6215-486F-9048-349302B0EC46}.Debug|Any CPU.ActiveCfg = Debug|Any CPU
		{5FA4AB1E-6215-486F-9048-349302B0EC46}.Release|Any CPU.ActiveCfg = Release|Any CPU
		{88CD7314-7876-4BD2-8D6B-EC4C05C0D034}.Debug|Any CPU.ActiveCfg = Debug|Any CPU
		{88CD7314-7876-4BD2-8D6B-EC4C05C0D034}.Release|Any CPU.ActiveCfg = Release|Any CPU
		{B0B28E4D-46A4-47B9-8C97-EA0A80DF9BB6}.Debug|Any CPU.ActiveCfg = Debug|Any CPU
		{B0B28E4D-46A4-47B9-8C97-EA0A80DF9BB6}.Release|Any CPU.ActiveCfg = Release|Any CPU
		{F2CE8505-4AF4-4CE6-A1CD-2CB70375AA00}.Debug|Any CPU.ActiveCfg = Debug|Any CPU
		{F2CE8505-4AF4-4CE6-A1CD-2CB70375AA00}.Release|Any CPU.ActiveCfg = Release|Any CPU
		{301DE5EF-50EE-4AA3-8186-5FE5A5AC8628}.Debug|Any CPU.ActiveCfg = Debug|Any CPU
		{301DE5EF-50EE-4AA3-8186-5FE5A5AC8628}.Release|Any CPU.ActiveCfg = Release|Any CPU
		{01D04F91-0D81-45A1-B9A7-61E521D72273}.Debug|Any CPU.ActiveCfg = Debug|Any CPU
		{01D04F91-0D81-45A1-B9A7-61E521D72273}.Release|Any CPU.ActiveCfg = Release|Any CPU
		{DE3E0575-1FBB-4C29-8F33-D8151FC92F85}.Debug|Any CPU.ActiveCfg = Debug|Any CPU
		{DE3E0575-1FBB-4C29-8F33-D8151FC92F85}.Release|Any CPU.ActiveCfg = Release|Any CPU
		{BE607C93-7549-44E7-9341-BF33FD494E08}.Debug|Any CPU.ActiveCfg = Debug|Any CPU
		{BE607C93-7549-44E7-9341-BF33FD494E08}.Release|Any CPU.ActiveCfg = Release|Any CPU
		{D0254FB3-FB65-423C-8066-BB41FCD03530}.Debug|Any CPU.ActiveCfg = Debug|Any CPU
		{D0254FB3-FB65-423C-8066-BB41FCD03530}.Release|Any CPU.ActiveCfg = Release|Any CPU
		{E4034200-5FDF-413D-ABE9-024DA1D8746F}.Debug|Any CPU.ActiveCfg = Debug|Any CPU
		{E4034200-5FDF-413D-ABE9-024DA1D8746F}.Release|Any CPU.ActiveCfg = Release|Any CPU
		{8458A41A-F57A-44AA-8020-15623E12E4CD}.Debug|Any CPU.ActiveCfg = Debug|Any CPU
		{8458A41A-F57A-44AA-8020-15623E12E4CD}.Release|Any CPU.ActiveCfg = Release|Any CPU
		{72531AB2-DD43-473E-86A4-4E980D9A96C2}.Debug|Any CPU.ActiveCfg = Debug|Any CPU
		{72531AB2-DD43-473E-86A4-4E980D9A96C2}.Release|Any CPU.ActiveCfg = Release|Any CPU
	EndGlobalSection
	GlobalSection(SolutionProperties) = preSolution
		HideSolutionNode = FALSE
	EndGlobalSection
	GlobalSection(ExtensibilityGlobals) = postSolution
		SolutionGuid = {BD9E4D47-2BE7-4776-93E6-747274E48122}
	EndGlobalSection
EndGlobal
